
Microsoft Visual Studio Solution File, Format Version 12.00
# Visual Studio Version 16
VisualStudioVersion = 16.0.29519.87
MinimumVisualStudioVersion = 10.0.40219.1
Project("{FAE04EC0-301F-11D3-BF4B-00C04F79EFBC}") = "HeritageV02MVVM", "HeritageV02MVVM\HeritageV02MVVM.csproj", "{28D2EED3-F8E3-4992-917D-BC5CDB571050}"
EndProject
Project("{FAE04EC0-301F-11D3-BF4B-00C04F79EFBC}") = "HeritageV02MVVM.Android", "HeritageV02MVVM.Android\HeritageV02MVVM.Android.csproj", "{0A43C97F-0383-4D56-8BA7-13DE1C96D819}"
EndProject
Global
	GlobalSection(SolutionConfigurationPlatforms) = preSolution
		Debug|Any CPU = Debug|Any CPU
		Release|Any CPU = Release|Any CPU
	EndGlobalSection
	GlobalSection(ProjectConfigurationPlatforms) = postSolution
		{28D2EED3-F8E3-4992-917D-BC5CDB571050}.Debug|Any CPU.ActiveCfg = Debug|Any CPU
		{28D2EED3-F8E3-4992-917D-BC5CDB571050}.Debug|Any CPU.Build.0 = Debug|Any CPU
		{28D2EED3-F8E3-4992-917D-BC5CDB571050}.Release|Any CPU.ActiveCfg = Release|Any CPU
		{28D2EED3-F8E3-4992-917D-BC5CDB571050}.Release|Any CPU.Build.0 = Release|Any CPU
		{0A43C97F-0383-4D56-8BA7-13DE1C96D819}.Debug|Any CPU.ActiveCfg = Debug|Any CPU
		{0A43C97F-0383-4D56-8BA7-13DE1C96D819}.Debug|Any CPU.Build.0 = Debug|Any CPU
		{0A43C97F-0383-4D56-8BA7-13DE1C96D819}.Debug|Any CPU.Deploy.0 = Debug|Any CPU
		{0A43C97F-0383-4D56-8BA7-13DE1C96D819}.Release|Any CPU.ActiveCfg = Release|Any CPU
		{0A43C97F-0383-4D56-8BA7-13DE1C96D819}.Release|Any CPU.Build.0 = Release|Any CPU
		{0A43C97F-0383-4D56-8BA7-13DE1C96D819}.Release|Any CPU.Deploy.0 = Release|Any CPU
	EndGlobalSection
	GlobalSection(SolutionProperties) = preSolution
		HideSolutionNode = FALSE
	EndGlobalSection
	GlobalSection(ExtensibilityGlobals) = postSolution
		SolutionGuid = {8FB1FA1A-652A-4265-8532-CEB1C3EC97CA}
	EndGlobalSection
EndGlobal
